
Microsoft Visual Studio Solution File, Format Version 12.00
# Visual Studio Version 17
VisualStudioVersion = 17.0.31717.71
MinimumVisualStudioVersion = 10.0.40219.1
Project("{FAE04EC0-301F-11D3-BF4B-00C04F79EFBC}") = "Mirai_Bot", "Mirai_Bot\Mirai_Bot.csproj", "{ACE95484-84D2-4D9E-8724-F3CD1F8C93B1}"
EndProject
Global
	GlobalSection(SolutionConfigurationPlatforms) = preSolution
		Debug|Any CPU = Debug|Any CPU
		Release|Any CPU = Release|Any CPU
	EndGlobalSection
	GlobalSection(ProjectConfigurationPlatforms) = postSolution
		{ACE95484-84D2-4D9E-8724-F3CD1F8C93B1}.Debug|Any CPU.ActiveCfg = Debug|Any CPU
		{ACE95484-84D2-4D9E-8724-F3CD1F8C93B1}.Debug|Any CPU.Build.0 = Debug|Any CPU
		{ACE95484-84D2-4D9E-8724-F3CD1F8C93B1}.Release|Any CPU.ActiveCfg = Release|Any CPU
		{ACE95484-84D2-4D9E-8724-F3CD1F8C93B1}.Release|Any CPU.Build.0 = Release|Any CPU
	EndGlobalSection
	GlobalSection(SolutionProperties) = preSolution
		HideSolutionNode = FALSE
	EndGlobalSection
	GlobalSection(ExtensibilityGlobals) = postSolution
		SolutionGuid = {760577CD-7EB4-4BF1-BE48-723C46973480}
	EndGlobalSection
EndGlobal
